
Microsoft Visual Studio Solution File, Format Version 12.00
# Visual Studio 14
VisualStudioVersion = 14.0.23107.0
MinimumVisualStudioVersion = 10.0.40219.1
Project("{FAE04EC0-301F-11D3-BF4B-00C04F79EFBC}") = "EventEmitter", "EventEmitter\EventEmitter.csproj", "{A3BEA9A4-9B36-4A15-A9C5-42478913D735}"
EndProject
Project("{FAE04EC0-301F-11D3-BF4B-00C04F79EFBC}") = "EventEmitterTests", "EventEmitterTests\EventEmitterTests.csproj", "{A9D56247-14B8-4454-BB82-7579B69978C4}"
EndProject
Global
	GlobalSection(SolutionConfigurationPlatforms) = preSolution
		Debug|Any CPU = Debug|Any CPU
		Release|Any CPU = Release|Any CPU
	EndGlobalSection
	GlobalSection(ProjectConfigurationPlatforms) = postSolution
		{A3BEA9A4-9B36-4A15-A9C5-42478913D735}.Debug|Any CPU.ActiveCfg = Debug|Any CPU
		{A3BEA9A4-9B36-4A15-A9C5-42478913D735}.Debug|Any CPU.Build.0 = Debug|Any CPU
		{A3BEA9A4-9B36-4A15-A9C5-42478913D735}.Release|Any CPU.ActiveCfg = Release|Any CPU
		{A3BEA9A4-9B36-4A15-A9C5-42478913D735}.Release|Any CPU.Build.0 = Release|Any CPU
		{A9D56247-14B8-4454-BB82-7579B69978C4}.Debug|Any CPU.ActiveCfg = Debug|Any CPU
		{A9D56247-14B8-4454-BB82-7579B69978C4}.Debug|Any CPU.Build.0 = Debug|Any CPU
		{A9D56247-14B8-4454-BB82-7579B69978C4}.Release|Any CPU.ActiveCfg = Release|Any CPU
		{A9D56247-14B8-4454-BB82-7579B69978C4}.Release|Any CPU.Build.0 = Release|Any CPU
	EndGlobalSection
	GlobalSection(SolutionProperties) = preSolution
		HideSolutionNode = FALSE
	EndGlobalSection
EndGlobal
